
Microsoft Visual Studio Solution File, Format Version 12.00
# Visual Studio Version 16
VisualStudioVersion = 16.0.28803.452
MinimumVisualStudioVersion = 10.0.40219.1
Project("{9A19103F-16F7-4668-BE54-9A1E7A4F7556}") = "DalGen", "DalGen\DalGen.csproj", "{50FE66A6-345E-44D6-AB73-DB53EB537AE5}"
EndProject
Project("{FAE04EC0-301F-11D3-BF4B-00C04F79EFBC}") = "GenDalGo", "GenDalGo\GenDalGo.csproj", "{8C6D4165-C032-43FE-A17C-C25AECDA2A90}"
EndProject
Global
	GlobalSection(SolutionConfigurationPlatforms) = preSolution
		Debug|Any CPU = Debug|Any CPU
		Release|Any CPU = Release|Any CPU
	EndGlobalSection
	GlobalSection(ProjectConfigurationPlatforms) = postSolution
		{50FE66A6-345E-44D6-AB73-DB53EB537AE5}.Debug|Any CPU.ActiveCfg = Debug|Any CPU
		{50FE66A6-345E-44D6-AB73-DB53EB537AE5}.Debug|Any CPU.Build.0 = Debug|Any CPU
		{50FE66A6-345E-44D6-AB73-DB53EB537AE5}.Release|Any CPU.ActiveCfg = Release|Any CPU
		{50FE66A6-345E-44D6-AB73-DB53EB537AE5}.Release|Any CPU.Build.0 = Release|Any CPU
		{8C6D4165-C032-43FE-A17C-C25AECDA2A90}.Debug|Any CPU.ActiveCfg = Debug|Any CPU
		{8C6D4165-C032-43FE-A17C-C25AECDA2A90}.Debug|Any CPU.Build.0 = Debug|Any CPU
		{8C6D4165-C032-43FE-A17C-C25AECDA2A90}.Release|Any CPU.ActiveCfg = Release|Any CPU
		{8C6D4165-C032-43FE-A17C-C25AECDA2A90}.Release|Any CPU.Build.0 = Release|Any CPU
	EndGlobalSection
	GlobalSection(SolutionProperties) = preSolution
		HideSolutionNode = FALSE
	EndGlobalSection
	GlobalSection(ExtensibilityGlobals) = postSolution
		SolutionGuid = {959391C0-F491-47A5-AAB8-96927362A12F}
	EndGlobalSection
EndGlobal
